
Microsoft Visual Studio Solution File, Format Version 12.00
# Visual Studio Version 16
VisualStudioVersion = 16.0.31410.357
MinimumVisualStudioVersion = 10.0.40219.1
Project("{FAE04EC0-301F-11D3-BF4B-00C04F79EFBC}") = "ExampleSeleniumHelper", "ExampleSeleniumHelper\ExampleSeleniumHelper.csproj", "{2299C779-E219-4682-8170-1C9D05510836}"
EndProject
Global
	GlobalSection(SolutionConfigurationPlatforms) = preSolution
		Debug|Any CPU = Debug|Any CPU
		Release|Any CPU = Release|Any CPU
	EndGlobalSection
	GlobalSection(ProjectConfigurationPlatforms) = postSolution
		{2299C779-E219-4682-8170-1C9D05510836}.Debug|Any CPU.ActiveCfg = Debug|Any CPU
		{2299C779-E219-4682-8170-1C9D05510836}.Debug|Any CPU.Build.0 = Debug|Any CPU
		{2299C779-E219-4682-8170-1C9D05510836}.Release|Any CPU.ActiveCfg = Release|Any CPU
		{2299C779-E219-4682-8170-1C9D05510836}.Release|Any CPU.Build.0 = Release|Any CPU
	EndGlobalSection
	GlobalSection(SolutionProperties) = preSolution
		HideSolutionNode = FALSE
	EndGlobalSection
	GlobalSection(ExtensibilityGlobals) = postSolution
		SolutionGuid = {95B05B80-061A-45B5-840E-027D787792B0}
	EndGlobalSection
EndGlobal
